
Microsoft Visual Studio Solution File, Format Version 12.00
# Visual Studio 15
VisualStudioVersion = 15.0.25807.0
MinimumVisualStudioVersion = 10.0.40219.1
Project("{2150E333-8FDC-42A3-9474-1A3956D46DE8}") = "Engine", "Engine", "{D9AD7F70-9104-4F13-BC3A-65BB0986B75B}"
EndProject
Project("{2150E333-8FDC-42A3-9474-1A3956D46DE8}") = "Games", "Games", "{9DCFF01B-F64E-4A02-B2AA-E3B049AA393D}"
EndProject
Project("{8BC9CEB8-8B4A-11D0-8D11-00A0C91BC942}") = "UE4", "Intermediate\ProjectFiles\UE4.vcxproj", "{B92CFD1D-C1D1-4E67-A87C-77E087A2D4BC}"
EndProject
Project("{8BC9CEB8-8B4A-11D0-8D11-00A0C91BC942}") = "StoryAdventureGame", "Intermediate\ProjectFiles\StoryAdventureGame.vcxproj", "{EF27D4AA-F10C-488E-B234-8DAA79559806}"
EndProject
Project("{2150E333-8FDC-42A3-9474-1A3956D46DE8}") = "Visualizers", "Visualizers", "{921FB7FE-A5D9-4A88-A915-FC0598E0406C}"
	ProjectSection(SolutionItems) = preProject
		..\..\Program Files\Epic Games\UE_4.23\Engine\Extras\VisualStudioDebugging\UE4.natvis = ..\..\Program Files\Epic Games\UE_4.23\Engine\Extras\VisualStudioDebugging\UE4.natvis
	EndProjectSection
EndProject
Global
	GlobalSection(SolutionConfigurationPlatforms) = preSolution
		DebugGame Editor|HTML5 = DebugGame Editor|HTML5
		DebugGame Editor|Win32 = DebugGame Editor|Win32
		DebugGame Editor|Win64 = DebugGame Editor|Win64
		DebugGame|HTML5 = DebugGame|HTML5
		DebugGame|Win32 = DebugGame|Win32
		DebugGame|Win64 = DebugGame|Win64
		Development Editor|HTML5 = Development Editor|HTML5
		Development Editor|Win32 = Development Editor|Win32
		Development Editor|Win64 = Development Editor|Win64
		Development|HTML5 = Development|HTML5
		Development|Win32 = Development|Win32
		Development|Win64 = Development|Win64
		Shipping|HTML5 = Shipping|HTML5
		Shipping|Win32 = Shipping|Win32
		Shipping|Win64 = Shipping|Win64
	EndGlobalSection
	GlobalSection(ProjectConfigurationPlatforms) = postSolution
		{B92CFD1D-C1D1-4E67-A87C-77E087A2D4BC}.DebugGame Editor|HTML5.ActiveCfg = BuiltWithUnrealBuildTool|Win32
		{B92CFD1D-C1D1-4E67-A87C-77E087A2D4BC}.DebugGame Editor|Win32.ActiveCfg = BuiltWithUnrealBuildTool|Win32
		{B92CFD1D-C1D1-4E67-A87C-77E087A2D4BC}.DebugGame Editor|Win64.ActiveCfg = BuiltWithUnrealBuildTool|Win32
		{B92CFD1D-C1D1-4E67-A87C-77E087A2D4BC}.DebugGame|HTML5.ActiveCfg = BuiltWithUnrealBuildTool|Win32
		{B92CFD1D-C1D1-4E67-A87C-77E087A2D4BC}.DebugGame|Win32.ActiveCfg = BuiltWithUnrealBuildTool|Win32
		{B92CFD1D-C1D1-4E67-A87C-77E087A2D4BC}.DebugGame|Win64.ActiveCfg = BuiltWithUnrealBuildTool|Win32
		{B92CFD1D-C1D1-4E67-A87C-77E087A2D4BC}.Development Editor|HTML5.ActiveCfg = BuiltWithUnrealBuildTool|Win32
		{B92CFD1D-C1D1-4E67-A87C-77E087A2D4BC}.Development Editor|Win32.ActiveCfg = BuiltWithUnrealBuildTool|Win32
		{B92CFD1D-C1D1-4E67-A87C-77E087A2D4BC}.Development Editor|Win64.ActiveCfg = BuiltWithUnrealBuildTool|Win32
		{B92CFD1D-C1D1-4E67-A87C-77E087A2D4BC}.Development|HTML5.ActiveCfg = BuiltWithUnrealBuildTool|Win32
		{B92CFD1D-C1D1-4E67-A87C-77E087A2D4BC}.Development|Win32.ActiveCfg = BuiltWithUnrealBuildTool|Win32
		{B92CFD1D-C1D1-4E67-A87C-77E087A2D4BC}.Development|Win64.ActiveCfg = BuiltWithUnrealBuildTool|Win32
		{B92CFD1D-C1D1-4E67-A87C-77E087A2D4BC}.Shipping|HTML5.ActiveCfg = BuiltWithUnrealBuildTool|Win32
		{B92CFD1D-C1D1-4E67-A87C-77E087A2D4BC}.Shipping|Win32.ActiveCfg = BuiltWithUnrealBuildTool|Win32
		{B92CFD1D-C1D1-4E67-A87C-77E087A2D4BC}.Shipping|Win64.ActiveCfg = BuiltWithUnrealBuildTool|Win32
		{EF27D4AA-F10C-488E-B234-8DAA79559806}.DebugGame Editor|HTML5.ActiveCfg = Invalid|Win32
		{EF27D4AA-F10C-488E-B234-8DAA79559806}.DebugGame Editor|Win32.ActiveCfg = Invalid|Win32
		{EF27D4AA-F10C-488E-B234-8DAA79559806}.DebugGame Editor|Win64.ActiveCfg = DebugGame_Editor|x64
		{EF27D4AA-F10C-488E-B234-8DAA79559806}.DebugGame Editor|Win64.Build.0 = DebugGame_Editor|x64
		{EF27D4AA-F10C-488E-B234-8DAA79559806}.DebugGame|HTML5.ActiveCfg = HTML5_DebugGame|Win32
		{EF27D4AA-F10C-488E-B234-8DAA79559806}.DebugGame|HTML5.Build.0 = HTML5_DebugGame|Win32
		{EF27D4AA-F10C-488E-B234-8DAA79559806}.DebugGame|Win32.ActiveCfg = DebugGame|Win32
		{EF27D4AA-F10C-488E-B234-8DAA79559806}.DebugGame|Win32.Build.0 = DebugGame|Win32
		{EF27D4AA-F10C-488E-B234-8DAA79559806}.DebugGame|Win64.ActiveCfg = DebugGame|x64
		{EF27D4AA-F10C-488E-B234-8DAA79559806}.DebugGame|Win64.Build.0 = DebugGame|x64
		{EF27D4AA-F10C-488E-B234-8DAA79559806}.Development Editor|HTML5.ActiveCfg = Invalid|Win32
		{EF27D4AA-F10C-488E-B234-8DAA79559806}.Development Editor|Win32.ActiveCfg = Invalid|Win32
		{EF27D4AA-F10C-488E-B234-8DAA79559806}.Development Editor|Win64.ActiveCfg = Development_Editor|x64
		{EF27D4AA-F10C-488E-B234-8DAA79559806}.Development Editor|Win64.Build.0 = Development_Editor|x64
		{EF27D4AA-F10C-488E-B234-8DAA79559806}.Development|HTML5.ActiveCfg = HTML5_Development|Win32
		{EF27D4AA-F10C-488E-B234-8DAA79559806}.Development|HTML5.Build.0 = HTML5_Development|Win32
		{EF27D4AA-F10C-488E-B234-8DAA79559806}.Development|Win32.ActiveCfg = Development|Win32
		{EF27D4AA-F10C-488E-B234-8DAA79559806}.Development|Win32.Build.0 = Development|Win32
		{EF27D4AA-F10C-488E-B234-8DAA79559806}.Development|Win64.ActiveCfg = Development|x64
		{EF27D4AA-F10C-488E-B234-8DAA79559806}.Development|Win64.Build.0 = Development|x64
		{EF27D4AA-F10C-488E-B234-8DAA79559806}.Shipping|HTML5.ActiveCfg = HTML5_Shipping|Win32
		{EF27D4AA-F10C-488E-B234-8DAA79559806}.Shipping|HTML5.Build.0 = HTML5_Shipping|Win32
		{EF27D4AA-F10C-488E-B234-8DAA79559806}.Shipping|Win32.ActiveCfg = Shipping|Win32
		{EF27D4AA-F10C-488E-B234-8DAA79559806}.Shipping|Win32.Build.0 = Shipping|Win32
		{EF27D4AA-F10C-488E-B234-8DAA79559806}.Shipping|Win64.ActiveCfg = Shipping|x64
		{EF27D4AA-F10C-488E-B234-8DAA79559806}.Shipping|Win64.Build.0 = Shipping|x64
	EndGlobalSection
	GlobalSection(SolutionProperties) = preSolution
		HideSolutionNode = FALSE
	EndGlobalSection
	GlobalSection(NestedProjects) = preSolution
		{B92CFD1D-C1D1-4E67-A87C-77E087A2D4BC} = {D9AD7F70-9104-4F13-BC3A-65BB0986B75B}
		{EF27D4AA-F10C-488E-B234-8DAA79559806} = {9DCFF01B-F64E-4A02-B2AA-E3B049AA393D}
	EndGlobalSection
EndGlobal
